
Microsoft Visual Studio Solution File, Format Version 12.00
# Visual Studio 15
VisualStudioVersion = 15.0.27703.2047
MinimumVisualStudioVersion = 10.0.40219.1
Project("{FAE04EC0-301F-11D3-BF4B-00C04F79EFBC}") = "JeuDroides", "JeuDroides\JeuDroides.csproj", "{66BEFD23-AE77-4AB4-BA80-9976EF26620C}"
EndProject
Project("{FAE04EC0-301F-11D3-BF4B-00C04F79EFBC}") = "ZooDesRobots", "ZooDesRobots\ZooDesRobots.csproj", "{9E673356-3177-47FC-A63D-63D531F89616}"
EndProject
Project("{FAE04EC0-301F-11D3-BF4B-00C04F79EFBC}") = "Calculateur", "Calculateur\Calculateur.csproj", "{E86D4312-D628-4DCF-B741-2CBB5F4BB35A}"
EndProject
Project("{FAE04EC0-301F-11D3-BF4B-00C04F79EFBC}") = "enum", "enum\enum.csproj", "{F71F1C91-A0CA-45F7-85FC-A1E653D8827D}"
EndProject
Project("{2150E333-8FDC-42A3-9474-1A3956D46DE8}") = "Projets Maitres", "Projets Maitres", "{F5076F21-051C-4722-A73A-DE0C7D1B48A4}"
EndProject
Project("{2150E333-8FDC-42A3-9474-1A3956D46DE8}") = "Projets Annexes", "Projets Annexes", "{43985AFB-7938-4F22-954F-0A3EE1129C1B}"
EndProject
Project("{FAE04EC0-301F-11D3-BF4B-00C04F79EFBC}") = "ProjetXML", "ProjetXML\ProjetXML.csproj", "{1134C4DE-21AB-4BDA-99CF-67F48D5D57D3}"
EndProject
Project("{FAE04EC0-301F-11D3-BF4B-00C04F79EFBC}") = "XSLT", "XSLT\XSLT.csproj", "{C00ED1D8-312E-4C76-8C54-16E909DC43F9}"
EndProject
Project("{FAE04EC0-301F-11D3-BF4B-00C04F79EFBC}") = "DecouverteAdo.net", "DecouverteAdo.net\DecouverteAdo.net.csproj", "{7171102A-5382-4C50-BE04-6D8ACF1170EB}"
EndProject
Project("{FAE04EC0-301F-11D3-BF4B-00C04F79EFBC}") = "DecouverteMVCNet", "DecouverteMVCNet\DecouverteMVCNet.csproj", "{5023CCB9-97B5-4E08-B589-E1E43EC516D5}"
EndProject
Project("{FAE04EC0-301F-11D3-BF4B-00C04F79EFBC}") = "JeuDroides.Core", "JeuDroides.Core\JeuDroides.Core.csproj", "{1FBD63F3-B3C0-4247-9946-D9958AF71F73}"
EndProject
Project("{FAE04EC0-301F-11D3-BF4B-00C04F79EFBC}") = "ChallengeMvcNet", "ChallengeMvcNet\ChallengeMvcNet.csproj", "{09332B9D-B98E-4178-8C93-59ECC59CFB79}"
EndProject
Project("{FAE04EC0-301F-11D3-BF4B-00C04F79EFBC}") = "DecouverteEntities", "DecouverteEntities\DecouverteEntities.csproj", "{9C1EB0C9-B5FD-4874-A3A9-818967BBAA16}"
EndProject
Global
	GlobalSection(SolutionConfigurationPlatforms) = preSolution
		Debug|Any CPU = Debug|Any CPU
		Release|Any CPU = Release|Any CPU
	EndGlobalSection
	GlobalSection(ProjectConfigurationPlatforms) = postSolution
		{66BEFD23-AE77-4AB4-BA80-9976EF26620C}.Debug|Any CPU.ActiveCfg = Debug|Any CPU
		{66BEFD23-AE77-4AB4-BA80-9976EF26620C}.Debug|Any CPU.Build.0 = Debug|Any CPU
		{66BEFD23-AE77-4AB4-BA80-9976EF26620C}.Release|Any CPU.ActiveCfg = Release|Any CPU
		{66BEFD23-AE77-4AB4-BA80-9976EF26620C}.Release|Any CPU.Build.0 = Release|Any CPU
		{9E673356-3177-47FC-A63D-63D531F89616}.Debug|Any CPU.ActiveCfg = Debug|Any CPU
		{9E673356-3177-47FC-A63D-63D531F89616}.Debug|Any CPU.Build.0 = Debug|Any CPU
		{9E673356-3177-47FC-A63D-63D531F89616}.Release|Any CPU.ActiveCfg = Release|Any CPU
		{9E673356-3177-47FC-A63D-63D531F89616}.Release|Any CPU.Build.0 = Release|Any CPU
		{E86D4312-D628-4DCF-B741-2CBB5F4BB35A}.Debug|Any CPU.ActiveCfg = Debug|Any CPU
		{E86D4312-D628-4DCF-B741-2CBB5F4BB35A}.Debug|Any CPU.Build.0 = Debug|Any CPU
		{E86D4312-D628-4DCF-B741-2CBB5F4BB35A}.Release|Any CPU.ActiveCfg = Release|Any CPU
		{E86D4312-D628-4DCF-B741-2CBB5F4BB35A}.Release|Any CPU.Build.0 = Release|Any CPU
		{F71F1C91-A0CA-45F7-85FC-A1E653D8827D}.Debug|Any CPU.ActiveCfg = Debug|Any CPU
		{F71F1C91-A0CA-45F7-85FC-A1E653D8827D}.Debug|Any CPU.Build.0 = Debug|Any CPU
		{F71F1C91-A0CA-45F7-85FC-A1E653D8827D}.Release|Any CPU.ActiveCfg = Release|Any CPU
		{F71F1C91-A0CA-45F7-85FC-A1E653D8827D}.Release|Any CPU.Build.0 = Release|Any CPU
		{1134C4DE-21AB-4BDA-99CF-67F48D5D57D3}.Debug|Any CPU.ActiveCfg = Debug|Any CPU
		{1134C4DE-21AB-4BDA-99CF-67F48D5D57D3}.Debug|Any CPU.Build.0 = Debug|Any CPU
		{1134C4DE-21AB-4BDA-99CF-67F48D5D57D3}.Release|Any CPU.ActiveCfg = Release|Any CPU
		{1134C4DE-21AB-4BDA-99CF-67F48D5D57D3}.Release|Any CPU.Build.0 = Release|Any CPU
		{C00ED1D8-312E-4C76-8C54-16E909DC43F9}.Debug|Any CPU.ActiveCfg = Debug|Any CPU
		{C00ED1D8-312E-4C76-8C54-16E909DC43F9}.Debug|Any CPU.Build.0 = Debug|Any CPU
		{C00ED1D8-312E-4C76-8C54-16E909DC43F9}.Release|Any CPU.ActiveCfg = Release|Any CPU
		{C00ED1D8-312E-4C76-8C54-16E909DC43F9}.Release|Any CPU.Build.0 = Release|Any CPU
		{7171102A-5382-4C50-BE04-6D8ACF1170EB}.Debug|Any CPU.ActiveCfg = Debug|Any CPU
		{7171102A-5382-4C50-BE04-6D8ACF1170EB}.Debug|Any CPU.Build.0 = Debug|Any CPU
		{7171102A-5382-4C50-BE04-6D8ACF1170EB}.Release|Any CPU.ActiveCfg = Release|Any CPU
		{7171102A-5382-4C50-BE04-6D8ACF1170EB}.Release|Any CPU.Build.0 = Release|Any CPU
		{5023CCB9-97B5-4E08-B589-E1E43EC516D5}.Debug|Any CPU.ActiveCfg = Debug|Any CPU
		{5023CCB9-97B5-4E08-B589-E1E43EC516D5}.Debug|Any CPU.Build.0 = Debug|Any CPU
		{5023CCB9-97B5-4E08-B589-E1E43EC516D5}.Release|Any CPU.ActiveCfg = Release|Any CPU
		{5023CCB9-97B5-4E08-B589-E1E43EC516D5}.Release|Any CPU.Build.0 = Release|Any CPU
		{1FBD63F3-B3C0-4247-9946-D9958AF71F73}.Debug|Any CPU.ActiveCfg = Debug|Any CPU
		{1FBD63F3-B3C0-4247-9946-D9958AF71F73}.Debug|Any CPU.Build.0 = Debug|Any CPU
		{1FBD63F3-B3C0-4247-9946-D9958AF71F73}.Release|Any CPU.ActiveCfg = Release|Any CPU
		{1FBD63F3-B3C0-4247-9946-D9958AF71F73}.Release|Any CPU.Build.0 = Release|Any CPU
		{09332B9D-B98E-4178-8C93-59ECC59CFB79}.Debug|Any CPU.ActiveCfg = Debug|Any CPU
		{09332B9D-B98E-4178-8C93-59ECC59CFB79}.Debug|Any CPU.Build.0 = Debug|Any CPU
		{09332B9D-B98E-4178-8C93-59ECC59CFB79}.Release|Any CPU.ActiveCfg = Release|Any CPU
		{09332B9D-B98E-4178-8C93-59ECC59CFB79}.Release|Any CPU.Build.0 = Release|Any CPU
		{9C1EB0C9-B5FD-4874-A3A9-818967BBAA16}.Debug|Any CPU.ActiveCfg = Debug|Any CPU
		{9C1EB0C9-B5FD-4874-A3A9-818967BBAA16}.Debug|Any CPU.Build.0 = Debug|Any CPU
		{9C1EB0C9-B5FD-4874-A3A9-818967BBAA16}.Release|Any CPU.ActiveCfg = Release|Any CPU
		{9C1EB0C9-B5FD-4874-A3A9-818967BBAA16}.Release|Any CPU.Build.0 = Release|Any CPU
	EndGlobalSection
	GlobalSection(SolutionProperties) = preSolution
		HideSolutionNode = FALSE
	EndGlobalSection
	GlobalSection(NestedProjects) = preSolution
		{66BEFD23-AE77-4AB4-BA80-9976EF26620C} = {F5076F21-051C-4722-A73A-DE0C7D1B48A4}
		{9E673356-3177-47FC-A63D-63D531F89616} = {43985AFB-7938-4F22-954F-0A3EE1129C1B}
		{E86D4312-D628-4DCF-B741-2CBB5F4BB35A} = {43985AFB-7938-4F22-954F-0A3EE1129C1B}
		{F71F1C91-A0CA-45F7-85FC-A1E653D8827D} = {43985AFB-7938-4F22-954F-0A3EE1129C1B}
		{1134C4DE-21AB-4BDA-99CF-67F48D5D57D3} = {43985AFB-7938-4F22-954F-0A3EE1129C1B}
		{7171102A-5382-4C50-BE04-6D8ACF1170EB} = {43985AFB-7938-4F22-954F-0A3EE1129C1B}
		{5023CCB9-97B5-4E08-B589-E1E43EC516D5} = {43985AFB-7938-4F22-954F-0A3EE1129C1B}
		{1FBD63F3-B3C0-4247-9946-D9958AF71F73} = {F5076F21-051C-4722-A73A-DE0C7D1B48A4}
		{09332B9D-B98E-4178-8C93-59ECC59CFB79} = {43985AFB-7938-4F22-954F-0A3EE1129C1B}
		{9C1EB0C9-B5FD-4874-A3A9-818967BBAA16} = {43985AFB-7938-4F22-954F-0A3EE1129C1B}
	EndGlobalSection
	GlobalSection(ExtensibilityGlobals) = postSolution
		SolutionGuid = {B9560324-AE70-4E34-8A2C-8CB46212CEE8}
	EndGlobalSection
EndGlobal
