
Microsoft Visual Studio Solution File, Format Version 12.00
# Visual Studio 15
VisualStudioVersion = 15.0.27703.2047
MinimumVisualStudioVersion = 10.0.40219.1
Project("{FAE04EC0-301F-11D3-BF4B-00C04F79EFBC}") = "JeuDroides", "JeuDroides\JeuDroides.csproj", "{66BEFD23-AE77-4AB4-BA80-9976EF26620C}"
EndProject
Project("{FAE04EC0-301F-11D3-BF4B-00C04F79EFBC}") = "ZooDesRobots", "ZooDesRobots\ZooDesRobots.csproj", "{9E673356-3177-47FC-A63D-63D531F89616}"
EndProject
Project("{FAE04EC0-301F-11D3-BF4B-00C04F79EFBC}") = "Calculateur", "Calculateur\Calculateur.csproj", "{E86D4312-D628-4DCF-B741-2CBB5F4BB35A}"
EndProject
Project("{FAE04EC0-301F-11D3-BF4B-00C04F79EFBC}") = "enum", "enum\enum.csproj", "{F71F1C91-A0CA-45F7-85FC-A1E653D8827D}"
EndProject
Project("{2150E333-8FDC-42A3-9474-1A3956D46DE8}") = "Projets Maitres", "Projets Maitres", "{F5076F21-051C-4722-A73A-DE0C7D1B48A4}"
EndProject
Project("{2150E333-8FDC-42A3-9474-1A3956D46DE8}") = "Projets Annexes", "Projets Annexes", "{43985AFB-7938-4F22-954F-0A3EE1129C1B}"
EndProject
Project("{FAE04EC0-301F-11D3-BF4B-00C04F79EFBC}") = "ProjetXML", "ProjetXML\ProjetXML.csproj", "{1134C4DE-21AB-4BDA-99CF-67F48D5D57D3}"
EndProject
Project("{FAE04EC0-301F-11D3-BF4B-00C04F79EFBC}") = "XSLT", "XSLT\XSLT.csproj", "{C00ED1D8-312E-4C76-8C54-16E909DC43F9}"
EndProject
Project("{FAE04EC0-301F-11D3-BF4B-00C04F79EFBC}") = "DecouverteAdo.net", "DecouverteAdo.net\DecouverteAdo.net.csproj", "{7171102A-5382-4C50-BE04-6D8ACF1170EB}"
EndProject
Project("{FAE04EC0-301F-11D3-BF4B-00C04F79EFBC}") = "DecouverteMVCNet", "DecouverteMVCNet\DecouverteMVCNet.csproj", "{5023CCB9-97B5-4E08-B589-E1E43EC516D5}"
EndProject
Project("{FAE04EC0-301F-11D3-BF4B-00C04F79EFBC}") = "JeuDroides.Core", "JeuDroides.Core\JeuDroides.Core.csproj", "{1FBD63F3-B3C0-4247-9946-D9958AF71F73}"
EndProject
Project("{FAE04EC0-301F-11D3-BF4B-00C04F79EFBC}") = "ChallengeMvcNet", "ChallengeMvcNet\ChallengeMvcNet.csproj", "{09332B9D-B98E-4178-8C93-59ECC59CFB79}"
EndProject
Project("{FAE04EC0-301F-11D3-BF4B-00C04F79EFBC}") = "MaSuperLibrairie", "MaSuperLibrairie\MaSuperLibrairie.csproj", "{C2292712-BF43-4C43-BD49-B14E508BFA5A}"
EndProject
Project("{FAE04EC0-301F-11D3-BF4B-00C04F79EFBC}") = "AppelDaletEntities", "AppelDaletEntities\AppelDaletEntities.csproj", "{C89A7849-60EF-41FF-8538-36B149298992}"
EndProject
Project("{FAE04EC0-301F-11D3-BF4B-00C04F79EFBC}") = "DecouverteSession", "DecouverteSession\DecouverteSession.csproj", "{6B5A0919-F8F5-4592-8FD1-781F841B84CD}"
EndProject
Project("{FAE04EC0-301F-11D3-BF4B-00C04F79EFBC}") = "DecouverteAdoNetBisExecuteNonQuery", "DecouverteAdoNetBisExecuteNonQuery\DecouverteAdoNetBisExecuteNonQuery.csproj", "{A5989885-7B49-4381-9592-5C7D45924F5E}"
EndProject
Project("{2150E333-8FDC-42A3-9474-1A3956D46DE8}") = "dossier API", "dossier API", "{3216FFAF-D15F-4E15-8C7F-61F016335E9C}"
EndProject
Project("{FAE04EC0-301F-11D3-BF4B-00C04F79EFBC}") = "API", "API\API.csproj", "{3FDE4AB3-D325-425C-BA2F-DEBB954B70B8}"
EndProject
Project("{2150E333-8FDC-42A3-9474-1A3956D46DE8}") = "TU", "TU", "{CEA9C7B9-D59C-4C19-9B60-7E47430569BD}"
EndProject
Project("{FAE04EC0-301F-11D3-BF4B-00C04F79EFBC}") = "MesOperationsArtithmetiquesTU", "UnitTestProject\MesOperationsArtithmetiquesTU.csproj", "{D6C592A0-0831-4E92-AF43-E86D05574159}"
EndProject
Project("{FAE04EC0-301F-11D3-BF4B-00C04F79EFBC}") = "MesOperationsArithmetiques", "MesOperationsArithmetiques\MesOperationsArithmetiques.csproj", "{034B48BF-8DB5-470D-B149-BF946CA077AE}"
EndProject
Global
	GlobalSection(SolutionConfigurationPlatforms) = preSolution
		Debug|Any CPU = Debug|Any CPU
		Recette|Any CPU = Recette|Any CPU
		Release|Any CPU = Release|Any CPU
	EndGlobalSection
	GlobalSection(ProjectConfigurationPlatforms) = postSolution
		{66BEFD23-AE77-4AB4-BA80-9976EF26620C}.Debug|Any CPU.ActiveCfg = Debug|Any CPU
		{66BEFD23-AE77-4AB4-BA80-9976EF26620C}.Debug|Any CPU.Build.0 = Debug|Any CPU
		{66BEFD23-AE77-4AB4-BA80-9976EF26620C}.Recette|Any CPU.ActiveCfg = Recette|Any CPU
		{66BEFD23-AE77-4AB4-BA80-9976EF26620C}.Recette|Any CPU.Build.0 = Recette|Any CPU
		{66BEFD23-AE77-4AB4-BA80-9976EF26620C}.Release|Any CPU.ActiveCfg = Release|Any CPU
		{66BEFD23-AE77-4AB4-BA80-9976EF26620C}.Release|Any CPU.Build.0 = Release|Any CPU
		{9E673356-3177-47FC-A63D-63D531F89616}.Debug|Any CPU.ActiveCfg = Debug|Any CPU
		{9E673356-3177-47FC-A63D-63D531F89616}.Debug|Any CPU.Build.0 = Debug|Any CPU
		{9E673356-3177-47FC-A63D-63D531F89616}.Recette|Any CPU.ActiveCfg = Recette|Any CPU
		{9E673356-3177-47FC-A63D-63D531F89616}.Recette|Any CPU.Build.0 = Recette|Any CPU
		{9E673356-3177-47FC-A63D-63D531F89616}.Release|Any CPU.ActiveCfg = Release|Any CPU
		{9E673356-3177-47FC-A63D-63D531F89616}.Release|Any CPU.Build.0 = Release|Any CPU
		{E86D4312-D628-4DCF-B741-2CBB5F4BB35A}.Debug|Any CPU.ActiveCfg = Debug|Any CPU
		{E86D4312-D628-4DCF-B741-2CBB5F4BB35A}.Debug|Any CPU.Build.0 = Debug|Any CPU
		{E86D4312-D628-4DCF-B741-2CBB5F4BB35A}.Recette|Any CPU.ActiveCfg = Recette|Any CPU
		{E86D4312-D628-4DCF-B741-2CBB5F4BB35A}.Recette|Any CPU.Build.0 = Recette|Any CPU
		{E86D4312-D628-4DCF-B741-2CBB5F4BB35A}.Release|Any CPU.ActiveCfg = Release|Any CPU
		{E86D4312-D628-4DCF-B741-2CBB5F4BB35A}.Release|Any CPU.Build.0 = Release|Any CPU
		{F71F1C91-A0CA-45F7-85FC-A1E653D8827D}.Debug|Any CPU.ActiveCfg = Debug|Any CPU
		{F71F1C91-A0CA-45F7-85FC-A1E653D8827D}.Debug|Any CPU.Build.0 = Debug|Any CPU
		{F71F1C91-A0CA-45F7-85FC-A1E653D8827D}.Recette|Any CPU.ActiveCfg = Recette|Any CPU
		{F71F1C91-A0CA-45F7-85FC-A1E653D8827D}.Recette|Any CPU.Build.0 = Recette|Any CPU
		{F71F1C91-A0CA-45F7-85FC-A1E653D8827D}.Release|Any CPU.ActiveCfg = Release|Any CPU
		{F71F1C91-A0CA-45F7-85FC-A1E653D8827D}.Release|Any CPU.Build.0 = Release|Any CPU
		{1134C4DE-21AB-4BDA-99CF-67F48D5D57D3}.Debug|Any CPU.ActiveCfg = Debug|Any CPU
		{1134C4DE-21AB-4BDA-99CF-67F48D5D57D3}.Debug|Any CPU.Build.0 = Debug|Any CPU
		{1134C4DE-21AB-4BDA-99CF-67F48D5D57D3}.Recette|Any CPU.ActiveCfg = Recette|Any CPU
		{1134C4DE-21AB-4BDA-99CF-67F48D5D57D3}.Recette|Any CPU.Build.0 = Recette|Any CPU
		{1134C4DE-21AB-4BDA-99CF-67F48D5D57D3}.Release|Any CPU.ActiveCfg = Release|Any CPU
		{1134C4DE-21AB-4BDA-99CF-67F48D5D57D3}.Release|Any CPU.Build.0 = Release|Any CPU
		{C00ED1D8-312E-4C76-8C54-16E909DC43F9}.Debug|Any CPU.ActiveCfg = Debug|Any CPU
		{C00ED1D8-312E-4C76-8C54-16E909DC43F9}.Debug|Any CPU.Build.0 = Debug|Any CPU
		{C00ED1D8-312E-4C76-8C54-16E909DC43F9}.Recette|Any CPU.ActiveCfg = Recette|Any CPU
		{C00ED1D8-312E-4C76-8C54-16E909DC43F9}.Recette|Any CPU.Build.0 = Recette|Any CPU
		{C00ED1D8-312E-4C76-8C54-16E909DC43F9}.Release|Any CPU.ActiveCfg = Release|Any CPU
		{C00ED1D8-312E-4C76-8C54-16E909DC43F9}.Release|Any CPU.Build.0 = Release|Any CPU
		{7171102A-5382-4C50-BE04-6D8ACF1170EB}.Debug|Any CPU.ActiveCfg = Debug|Any CPU
		{7171102A-5382-4C50-BE04-6D8ACF1170EB}.Debug|Any CPU.Build.0 = Debug|Any CPU
		{7171102A-5382-4C50-BE04-6D8ACF1170EB}.Recette|Any CPU.ActiveCfg = Recette|Any CPU
		{7171102A-5382-4C50-BE04-6D8ACF1170EB}.Recette|Any CPU.Build.0 = Recette|Any CPU
		{7171102A-5382-4C50-BE04-6D8ACF1170EB}.Release|Any CPU.ActiveCfg = Release|Any CPU
		{7171102A-5382-4C50-BE04-6D8ACF1170EB}.Release|Any CPU.Build.0 = Release|Any CPU
		{5023CCB9-97B5-4E08-B589-E1E43EC516D5}.Debug|Any CPU.ActiveCfg = Debug|Any CPU
		{5023CCB9-97B5-4E08-B589-E1E43EC516D5}.Debug|Any CPU.Build.0 = Debug|Any CPU
		{5023CCB9-97B5-4E08-B589-E1E43EC516D5}.Recette|Any CPU.ActiveCfg = Recette|Any CPU
		{5023CCB9-97B5-4E08-B589-E1E43EC516D5}.Recette|Any CPU.Build.0 = Recette|Any CPU
		{5023CCB9-97B5-4E08-B589-E1E43EC516D5}.Release|Any CPU.ActiveCfg = Release|Any CPU
		{5023CCB9-97B5-4E08-B589-E1E43EC516D5}.Release|Any CPU.Build.0 = Release|Any CPU
		{1FBD63F3-B3C0-4247-9946-D9958AF71F73}.Debug|Any CPU.ActiveCfg = Debug|Any CPU
		{1FBD63F3-B3C0-4247-9946-D9958AF71F73}.Debug|Any CPU.Build.0 = Debug|Any CPU
		{1FBD63F3-B3C0-4247-9946-D9958AF71F73}.Recette|Any CPU.ActiveCfg = Recette|Any CPU
		{1FBD63F3-B3C0-4247-9946-D9958AF71F73}.Recette|Any CPU.Build.0 = Recette|Any CPU
		{1FBD63F3-B3C0-4247-9946-D9958AF71F73}.Release|Any CPU.ActiveCfg = Release|Any CPU
		{1FBD63F3-B3C0-4247-9946-D9958AF71F73}.Release|Any CPU.Build.0 = Release|Any CPU
		{09332B9D-B98E-4178-8C93-59ECC59CFB79}.Debug|Any CPU.ActiveCfg = Debug|Any CPU
		{09332B9D-B98E-4178-8C93-59ECC59CFB79}.Debug|Any CPU.Build.0 = Debug|Any CPU
		{09332B9D-B98E-4178-8C93-59ECC59CFB79}.Recette|Any CPU.ActiveCfg = Recette|Any CPU
		{09332B9D-B98E-4178-8C93-59ECC59CFB79}.Recette|Any CPU.Build.0 = Recette|Any CPU
		{09332B9D-B98E-4178-8C93-59ECC59CFB79}.Release|Any CPU.ActiveCfg = Release|Any CPU
		{09332B9D-B98E-4178-8C93-59ECC59CFB79}.Release|Any CPU.Build.0 = Release|Any CPU
		{C2292712-BF43-4C43-BD49-B14E508BFA5A}.Debug|Any CPU.ActiveCfg = Debug|Any CPU
		{C2292712-BF43-4C43-BD49-B14E508BFA5A}.Debug|Any CPU.Build.0 = Debug|Any CPU
		{C2292712-BF43-4C43-BD49-B14E508BFA5A}.Recette|Any CPU.ActiveCfg = Recette|Any CPU
		{C2292712-BF43-4C43-BD49-B14E508BFA5A}.Recette|Any CPU.Build.0 = Recette|Any CPU
		{C2292712-BF43-4C43-BD49-B14E508BFA5A}.Release|Any CPU.ActiveCfg = Release|Any CPU
		{C2292712-BF43-4C43-BD49-B14E508BFA5A}.Release|Any CPU.Build.0 = Release|Any CPU
		{C89A7849-60EF-41FF-8538-36B149298992}.Debug|Any CPU.ActiveCfg = Debug|Any CPU
		{C89A7849-60EF-41FF-8538-36B149298992}.Debug|Any CPU.Build.0 = Debug|Any CPU
		{C89A7849-60EF-41FF-8538-36B149298992}.Recette|Any CPU.ActiveCfg = Recette|Any CPU
		{C89A7849-60EF-41FF-8538-36B149298992}.Recette|Any CPU.Build.0 = Recette|Any CPU
		{C89A7849-60EF-41FF-8538-36B149298992}.Release|Any CPU.ActiveCfg = Release|Any CPU
		{C89A7849-60EF-41FF-8538-36B149298992}.Release|Any CPU.Build.0 = Release|Any CPU
		{6B5A0919-F8F5-4592-8FD1-781F841B84CD}.Debug|Any CPU.ActiveCfg = Debug|Any CPU
		{6B5A0919-F8F5-4592-8FD1-781F841B84CD}.Debug|Any CPU.Build.0 = Debug|Any CPU
		{6B5A0919-F8F5-4592-8FD1-781F841B84CD}.Recette|Any CPU.ActiveCfg = Recette|Any CPU
		{6B5A0919-F8F5-4592-8FD1-781F841B84CD}.Recette|Any CPU.Build.0 = Recette|Any CPU
		{6B5A0919-F8F5-4592-8FD1-781F841B84CD}.Release|Any CPU.ActiveCfg = Release|Any CPU
		{6B5A0919-F8F5-4592-8FD1-781F841B84CD}.Release|Any CPU.Build.0 = Release|Any CPU
		{A5989885-7B49-4381-9592-5C7D45924F5E}.Debug|Any CPU.ActiveCfg = Debug|Any CPU
		{A5989885-7B49-4381-9592-5C7D45924F5E}.Debug|Any CPU.Build.0 = Debug|Any CPU
		{A5989885-7B49-4381-9592-5C7D45924F5E}.Recette|Any CPU.ActiveCfg = Recette|Any CPU
		{A5989885-7B49-4381-9592-5C7D45924F5E}.Recette|Any CPU.Build.0 = Recette|Any CPU
		{A5989885-7B49-4381-9592-5C7D45924F5E}.Release|Any CPU.ActiveCfg = Release|Any CPU
		{A5989885-7B49-4381-9592-5C7D45924F5E}.Release|Any CPU.Build.0 = Release|Any CPU
		{3FDE4AB3-D325-425C-BA2F-DEBB954B70B8}.Debug|Any CPU.ActiveCfg = Debug|Any CPU
		{3FDE4AB3-D325-425C-BA2F-DEBB954B70B8}.Debug|Any CPU.Build.0 = Debug|Any CPU
		{3FDE4AB3-D325-425C-BA2F-DEBB954B70B8}.Recette|Any CPU.ActiveCfg = Release|Any CPU
		{3FDE4AB3-D325-425C-BA2F-DEBB954B70B8}.Recette|Any CPU.Build.0 = Release|Any CPU
		{3FDE4AB3-D325-425C-BA2F-DEBB954B70B8}.Release|Any CPU.ActiveCfg = Release|Any CPU
		{3FDE4AB3-D325-425C-BA2F-DEBB954B70B8}.Release|Any CPU.Build.0 = Release|Any CPU
		{D6C592A0-0831-4E92-AF43-E86D05574159}.Debug|Any CPU.ActiveCfg = Debug|Any CPU
		{D6C592A0-0831-4E92-AF43-E86D05574159}.Debug|Any CPU.Build.0 = Debug|Any CPU
		{D6C592A0-0831-4E92-AF43-E86D05574159}.Recette|Any CPU.ActiveCfg = Release|Any CPU
		{D6C592A0-0831-4E92-AF43-E86D05574159}.Recette|Any CPU.Build.0 = Release|Any CPU
		{D6C592A0-0831-4E92-AF43-E86D05574159}.Release|Any CPU.ActiveCfg = Release|Any CPU
		{D6C592A0-0831-4E92-AF43-E86D05574159}.Release|Any CPU.Build.0 = Release|Any CPU
		{034B48BF-8DB5-470D-B149-BF946CA077AE}.Debug|Any CPU.ActiveCfg = Debug|Any CPU
		{034B48BF-8DB5-470D-B149-BF946CA077AE}.Debug|Any CPU.Build.0 = Debug|Any CPU
		{034B48BF-8DB5-470D-B149-BF946CA077AE}.Recette|Any CPU.ActiveCfg = Release|Any CPU
		{034B48BF-8DB5-470D-B149-BF946CA077AE}.Recette|Any CPU.Build.0 = Release|Any CPU
		{034B48BF-8DB5-470D-B149-BF946CA077AE}.Release|Any CPU.ActiveCfg = Release|Any CPU
		{034B48BF-8DB5-470D-B149-BF946CA077AE}.Release|Any CPU.Build.0 = Release|Any CPU
	EndGlobalSection
	GlobalSection(SolutionProperties) = preSolution
		HideSolutionNode = FALSE
	EndGlobalSection
	GlobalSection(NestedProjects) = preSolution
		{66BEFD23-AE77-4AB4-BA80-9976EF26620C} = {F5076F21-051C-4722-A73A-DE0C7D1B48A4}
		{9E673356-3177-47FC-A63D-63D531F89616} = {43985AFB-7938-4F22-954F-0A3EE1129C1B}
		{E86D4312-D628-4DCF-B741-2CBB5F4BB35A} = {43985AFB-7938-4F22-954F-0A3EE1129C1B}
		{F71F1C91-A0CA-45F7-85FC-A1E653D8827D} = {43985AFB-7938-4F22-954F-0A3EE1129C1B}
		{1134C4DE-21AB-4BDA-99CF-67F48D5D57D3} = {43985AFB-7938-4F22-954F-0A3EE1129C1B}
		{7171102A-5382-4C50-BE04-6D8ACF1170EB} = {43985AFB-7938-4F22-954F-0A3EE1129C1B}
		{5023CCB9-97B5-4E08-B589-E1E43EC516D5} = {43985AFB-7938-4F22-954F-0A3EE1129C1B}
		{1FBD63F3-B3C0-4247-9946-D9958AF71F73} = {F5076F21-051C-4722-A73A-DE0C7D1B48A4}
		{09332B9D-B98E-4178-8C93-59ECC59CFB79} = {43985AFB-7938-4F22-954F-0A3EE1129C1B}
		{C2292712-BF43-4C43-BD49-B14E508BFA5A} = {3216FFAF-D15F-4E15-8C7F-61F016335E9C}
		{A5989885-7B49-4381-9592-5C7D45924F5E} = {43985AFB-7938-4F22-954F-0A3EE1129C1B}
		{3FDE4AB3-D325-425C-BA2F-DEBB954B70B8} = {3216FFAF-D15F-4E15-8C7F-61F016335E9C}
		{D6C592A0-0831-4E92-AF43-E86D05574159} = {CEA9C7B9-D59C-4C19-9B60-7E47430569BD}
		{034B48BF-8DB5-470D-B149-BF946CA077AE} = {CEA9C7B9-D59C-4C19-9B60-7E47430569BD}
	EndGlobalSection
	GlobalSection(ExtensibilityGlobals) = postSolution
		SolutionGuid = {B9560324-AE70-4E34-8A2C-8CB46212CEE8}
	EndGlobalSection
EndGlobal
